
Microsoft Visual Studio Solution File, Format Version 12.00
# Visual Studio 15
VisualStudioVersion = 15.0.27130.2027
MinimumVisualStudioVersion = 10.0.40219.1
Project("{FAE04EC0-301F-11D3-BF4B-00C04F79EFBC}") = "Monopy.PreceRateWage.Model", "Monopy.PreceRateWage.Model\Monopy.PreceRateWage.Model.csproj", "{2C700692-46E3-46F1-B675-AC1CB42D68B2}"
EndProject
Project("{FAE04EC0-301F-11D3-BF4B-00C04F79EFBC}") = "Monopy.PreceRateWage.Dal", "Monopy.PreceRateWage.Dal\Monopy.PreceRateWage.Dal.csproj", "{CFFA4C84-4766-420A-A67C-5A2EC155CA93}"
EndProject
Project("{FAE04EC0-301F-11D3-BF4B-00C04F79EFBC}") = "Monopy.PreceRateWage.WinForm", "Monopy.PreceRateWage.WinForm\Monopy.PreceRateWage.WinForm.csproj", "{713E9C03-4922-4D15-9E86-B2D21BB044A0}"
EndProject
Project("{FAE04EC0-301F-11D3-BF4B-00C04F79EFBC}") = "Monopy.PreceRateWage.Common", "Monopy.PreceRateWage.Common\Monopy.PreceRateWage.Common.csproj", "{4A50A083-59EE-45DF-BD6D-8FA87E836AF5}"
EndProject
Global
	GlobalSection(SolutionConfigurationPlatforms) = preSolution
		Debug|Any CPU = Debug|Any CPU
		Debug|x86 = Debug|x86
		Release|Any CPU = Release|Any CPU
		Release|x86 = Release|x86
	EndGlobalSection
	GlobalSection(ProjectConfigurationPlatforms) = postSolution
		{2C700692-46E3-46F1-B675-AC1CB42D68B2}.Debug|Any CPU.ActiveCfg = Debug|Any CPU
		{2C700692-46E3-46F1-B675-AC1CB42D68B2}.Debug|Any CPU.Build.0 = Debug|Any CPU
		{2C700692-46E3-46F1-B675-AC1CB42D68B2}.Debug|x86.ActiveCfg = Debug|x86
		{2C700692-46E3-46F1-B675-AC1CB42D68B2}.Debug|x86.Build.0 = Debug|x86
		{2C700692-46E3-46F1-B675-AC1CB42D68B2}.Release|Any CPU.ActiveCfg = Release|Any CPU
		{2C700692-46E3-46F1-B675-AC1CB42D68B2}.Release|Any CPU.Build.0 = Release|Any CPU
		{2C700692-46E3-46F1-B675-AC1CB42D68B2}.Release|x86.ActiveCfg = Release|x86
		{2C700692-46E3-46F1-B675-AC1CB42D68B2}.Release|x86.Build.0 = Release|x86
		{CFFA4C84-4766-420A-A67C-5A2EC155CA93}.Debug|Any CPU.ActiveCfg = Debug|Any CPU
		{CFFA4C84-4766-420A-A67C-5A2EC155CA93}.Debug|Any CPU.Build.0 = Debug|Any CPU
		{CFFA4C84-4766-420A-A67C-5A2EC155CA93}.Debug|x86.ActiveCfg = Debug|x86
		{CFFA4C84-4766-420A-A67C-5A2EC155CA93}.Debug|x86.Build.0 = Debug|x86
		{CFFA4C84-4766-420A-A67C-5A2EC155CA93}.Release|Any CPU.ActiveCfg = Release|Any CPU
		{CFFA4C84-4766-420A-A67C-5A2EC155CA93}.Release|Any CPU.Build.0 = Release|Any CPU
		{CFFA4C84-4766-420A-A67C-5A2EC155CA93}.Release|x86.ActiveCfg = Release|x86
		{CFFA4C84-4766-420A-A67C-5A2EC155CA93}.Release|x86.Build.0 = Release|x86
		{713E9C03-4922-4D15-9E86-B2D21BB044A0}.Debug|Any CPU.ActiveCfg = Debug|Any CPU
		{713E9C03-4922-4D15-9E86-B2D21BB044A0}.Debug|Any CPU.Build.0 = Debug|Any CPU
		{713E9C03-4922-4D15-9E86-B2D21BB044A0}.Debug|x86.ActiveCfg = Debug|x86
		{713E9C03-4922-4D15-9E86-B2D21BB044A0}.Debug|x86.Build.0 = Debug|x86
		{713E9C03-4922-4D15-9E86-B2D21BB044A0}.Release|Any CPU.ActiveCfg = Release|Any CPU
		{713E9C03-4922-4D15-9E86-B2D21BB044A0}.Release|Any CPU.Build.0 = Release|Any CPU
		{713E9C03-4922-4D15-9E86-B2D21BB044A0}.Release|x86.ActiveCfg = Release|x86
		{713E9C03-4922-4D15-9E86-B2D21BB044A0}.Release|x86.Build.0 = Release|x86
		{4A50A083-59EE-45DF-BD6D-8FA87E836AF5}.Debug|Any CPU.ActiveCfg = Debug|Any CPU
		{4A50A083-59EE-45DF-BD6D-8FA87E836AF5}.Debug|Any CPU.Build.0 = Debug|Any CPU
		{4A50A083-59EE-45DF-BD6D-8FA87E836AF5}.Debug|x86.ActiveCfg = Debug|x86
		{4A50A083-59EE-45DF-BD6D-8FA87E836AF5}.Debug|x86.Build.0 = Debug|x86
		{4A50A083-59EE-45DF-BD6D-8FA87E836AF5}.Release|Any CPU.ActiveCfg = Release|Any CPU
		{4A50A083-59EE-45DF-BD6D-8FA87E836AF5}.Release|Any CPU.Build.0 = Release|Any CPU
		{4A50A083-59EE-45DF-BD6D-8FA87E836AF5}.Release|x86.ActiveCfg = Release|x86
		{4A50A083-59EE-45DF-BD6D-8FA87E836AF5}.Release|x86.Build.0 = Release|x86
	EndGlobalSection
	GlobalSection(SolutionProperties) = preSolution
		HideSolutionNode = FALSE
	EndGlobalSection
	GlobalSection(ExtensibilityGlobals) = postSolution
		SolutionGuid = {393A27C5-8960-42F7-A4DF-0F563909A064}
	EndGlobalSection
EndGlobal
